
Microsoft Visual Studio Solution File, Format Version 12.00
# Visual Studio 14
VisualStudioVersion = 14.0.25420.1
MinimumVisualStudioVersion = 10.0.40219.1
Project("{FAE04EC0-301F-11D3-BF4B-00C04F79EFBC}") = "SortAlgorithms", "SortAlgorithms\SortAlgorithms.csproj", "{EFA68599-0F9E-4F3F-B1E7-627B1FE28658}"
EndProject
Global
	GlobalSection(SolutionConfigurationPlatforms) = preSolution
		Debug|Any CPU = Debug|Any CPU
		Release|Any CPU = Release|Any CPU
	EndGlobalSection
	GlobalSection(ProjectConfigurationPlatforms) = postSolution
		{EFA68599-0F9E-4F3F-B1E7-627B1FE28658}.Debug|Any CPU.ActiveCfg = Debug|Any CPU
		{EFA68599-0F9E-4F3F-B1E7-627B1FE28658}.Debug|Any CPU.Build.0 = Debug|Any CPU
		{EFA68599-0F9E-4F3F-B1E7-627B1FE28658}.Release|Any CPU.ActiveCfg = Release|Any CPU
		{EFA68599-0F9E-4F3F-B1E7-627B1FE28658}.Release|Any CPU.Build.0 = Release|Any CPU
	EndGlobalSection
	GlobalSection(SolutionProperties) = preSolution
		HideSolutionNode = FALSE
	EndGlobalSection
EndGlobal
